
Microsoft Visual Studio Solution File, Format Version 12.00
# Visual Studio Version 16
VisualStudioVersion = 16.0.29728.190
MinimumVisualStudioVersion = 10.0.40219.1
Project("{9A19103F-16F7-4668-BE54-9A1E7A4F7556}") = "SistemaVendas.Api", "SistemaVendas\SistemaVendas.Api.csproj", "{34D7F051-01FD-488D-A5E2-D06E7A7046CF}"
EndProject
Project("{2150E333-8FDC-42A3-9474-1A3956D46DE8}") = "Infra", "Infra", "{83CB0BA5-7520-41EE-985C-69A3D1B5B405}"
EndProject
Project("{2150E333-8FDC-42A3-9474-1A3956D46DE8}") = "API", "API", "{FDB2ADEE-3A55-496B-8301-1E80D3BB04D6}"
EndProject
Project("{2150E333-8FDC-42A3-9474-1A3956D46DE8}") = "Core", "Core", "{51510E20-2B0E-4FF4-B6CB-958704AB0808}"
EndProject
Project("{2150E333-8FDC-42A3-9474-1A3956D46DE8}") = "Data", "Data", "{C958C14C-AEA1-4A81-97C4-FA8ACCDA604F}"
EndProject
Project("{2150E333-8FDC-42A3-9474-1A3956D46DE8}") = "IoC", "IoC", "{72446146-F29F-4317-93E4-C92BF7E3BED7}"
EndProject
Project("{9A19103F-16F7-4668-BE54-9A1E7A4F7556}") = "SistemaVendas.Infra.Data", "Infra\Data\Infra.Data\SistemaVendas.Infra.Data.csproj", "{7A013B72-66ED-41F5-A6F7-0B38F062D04A}"
EndProject
Project("{9A19103F-16F7-4668-BE54-9A1E7A4F7556}") = "SistemaVendas.Infra.IoC", "Infra\IoC\Infra.IoC\SistemaVendas.Infra.IoC.csproj", "{20218D6B-EBA5-4E88-9E0B-698701857E5E}"
EndProject
Project("{9A19103F-16F7-4668-BE54-9A1E7A4F7556}") = "SistemaVendas.Core", "Entities\Models\Entities.Models\SistemaVendas.Core.csproj", "{E732BED8-5864-4436-8037-F37FB25CDD6C}"
EndProject
Project("{2150E333-8FDC-42A3-9474-1A3956D46DE8}") = "Aplication", "Aplication", "{21D3ADB7-5C88-47ED-B9A4-59C0A6FC3DD9}"
EndProject
Project("{9A19103F-16F7-4668-BE54-9A1E7A4F7556}") = "SistemaVendas.Aplication", "Aplication\SistemaVendas.Aplication\SistemaVendas.Aplication.csproj", "{4006A292-1F0F-41D4-8C00-409A77F79C24}"
EndProject
Global
	GlobalSection(SolutionConfigurationPlatforms) = preSolution
		Debug|Any CPU = Debug|Any CPU
		Release|Any CPU = Release|Any CPU
	EndGlobalSection
	GlobalSection(ProjectConfigurationPlatforms) = postSolution
		{34D7F051-01FD-488D-A5E2-D06E7A7046CF}.Debug|Any CPU.ActiveCfg = Debug|Any CPU
		{34D7F051-01FD-488D-A5E2-D06E7A7046CF}.Debug|Any CPU.Build.0 = Debug|Any CPU
		{34D7F051-01FD-488D-A5E2-D06E7A7046CF}.Release|Any CPU.ActiveCfg = Release|Any CPU
		{34D7F051-01FD-488D-A5E2-D06E7A7046CF}.Release|Any CPU.Build.0 = Release|Any CPU
		{7A013B72-66ED-41F5-A6F7-0B38F062D04A}.Debug|Any CPU.ActiveCfg = Debug|Any CPU
		{7A013B72-66ED-41F5-A6F7-0B38F062D04A}.Debug|Any CPU.Build.0 = Debug|Any CPU
		{7A013B72-66ED-41F5-A6F7-0B38F062D04A}.Release|Any CPU.ActiveCfg = Release|Any CPU
		{7A013B72-66ED-41F5-A6F7-0B38F062D04A}.Release|Any CPU.Build.0 = Release|Any CPU
		{20218D6B-EBA5-4E88-9E0B-698701857E5E}.Debug|Any CPU.ActiveCfg = Debug|Any CPU
		{20218D6B-EBA5-4E88-9E0B-698701857E5E}.Debug|Any CPU.Build.0 = Debug|Any CPU
		{20218D6B-EBA5-4E88-9E0B-698701857E5E}.Release|Any CPU.ActiveCfg = Release|Any CPU
		{20218D6B-EBA5-4E88-9E0B-698701857E5E}.Release|Any CPU.Build.0 = Release|Any CPU
		{E732BED8-5864-4436-8037-F37FB25CDD6C}.Debug|Any CPU.ActiveCfg = Debug|Any CPU
		{E732BED8-5864-4436-8037-F37FB25CDD6C}.Debug|Any CPU.Build.0 = Debug|Any CPU
		{E732BED8-5864-4436-8037-F37FB25CDD6C}.Release|Any CPU.ActiveCfg = Release|Any CPU
		{E732BED8-5864-4436-8037-F37FB25CDD6C}.Release|Any CPU.Build.0 = Release|Any CPU
		{4006A292-1F0F-41D4-8C00-409A77F79C24}.Debug|Any CPU.ActiveCfg = Debug|Any CPU
		{4006A292-1F0F-41D4-8C00-409A77F79C24}.Debug|Any CPU.Build.0 = Debug|Any CPU
		{4006A292-1F0F-41D4-8C00-409A77F79C24}.Release|Any CPU.ActiveCfg = Release|Any CPU
		{4006A292-1F0F-41D4-8C00-409A77F79C24}.Release|Any CPU.Build.0 = Release|Any CPU
	EndGlobalSection
	GlobalSection(SolutionProperties) = preSolution
		HideSolutionNode = FALSE
	EndGlobalSection
	GlobalSection(NestedProjects) = preSolution
		{34D7F051-01FD-488D-A5E2-D06E7A7046CF} = {FDB2ADEE-3A55-496B-8301-1E80D3BB04D6}
		{C958C14C-AEA1-4A81-97C4-FA8ACCDA604F} = {83CB0BA5-7520-41EE-985C-69A3D1B5B405}
		{72446146-F29F-4317-93E4-C92BF7E3BED7} = {83CB0BA5-7520-41EE-985C-69A3D1B5B405}
		{7A013B72-66ED-41F5-A6F7-0B38F062D04A} = {C958C14C-AEA1-4A81-97C4-FA8ACCDA604F}
		{20218D6B-EBA5-4E88-9E0B-698701857E5E} = {72446146-F29F-4317-93E4-C92BF7E3BED7}
		{E732BED8-5864-4436-8037-F37FB25CDD6C} = {51510E20-2B0E-4FF4-B6CB-958704AB0808}
		{4006A292-1F0F-41D4-8C00-409A77F79C24} = {21D3ADB7-5C88-47ED-B9A4-59C0A6FC3DD9}
	EndGlobalSection
	GlobalSection(ExtensibilityGlobals) = postSolution
		SolutionGuid = {4D7B9623-41BA-4C71-B8BE-604BB508F0FA}
	EndGlobalSection
EndGlobal
